
Microsoft Visual Studio Solution File, Format Version 12.00
# Visual Studio 15
VisualStudioVersion = 15.0.26430.14
MinimumVisualStudioVersion = 10.0.40219.1
Project("{FAE04EC0-301F-11D3-BF4B-00C04F79EFBC}") = "MonteCarlo", "MonteCarlo\MonteCarlo.csproj", "{4539A6F0-3EAC-4B5B-81E8-4B7534B63B2D}"
EndProject
Project("{FAE04EC0-301F-11D3-BF4B-00C04F79EFBC}") = "MonteCarlo.Tests", "MonteCarlo.Tests\MonteCarlo.Tests.csproj", "{784C8007-E710-42F9-839C-BB90880CBA13}"
EndProject
Global
	GlobalSection(SolutionConfigurationPlatforms) = preSolution
		Debug|Any CPU = Debug|Any CPU
		Release|Any CPU = Release|Any CPU
	EndGlobalSection
	GlobalSection(ProjectConfigurationPlatforms) = postSolution
		{4539A6F0-3EAC-4B5B-81E8-4B7534B63B2D}.Debug|Any CPU.ActiveCfg = Debug|Any CPU
		{4539A6F0-3EAC-4B5B-81E8-4B7534B63B2D}.Debug|Any CPU.Build.0 = Debug|Any CPU
		{4539A6F0-3EAC-4B5B-81E8-4B7534B63B2D}.Release|Any CPU.ActiveCfg = Release|Any CPU
		{4539A6F0-3EAC-4B5B-81E8-4B7534B63B2D}.Release|Any CPU.Build.0 = Release|Any CPU
		{784C8007-E710-42F9-839C-BB90880CBA13}.Debug|Any CPU.ActiveCfg = Debug|Any CPU
		{784C8007-E710-42F9-839C-BB90880CBA13}.Debug|Any CPU.Build.0 = Debug|Any CPU
		{784C8007-E710-42F9-839C-BB90880CBA13}.Release|Any CPU.ActiveCfg = Release|Any CPU
		{784C8007-E710-42F9-839C-BB90880CBA13}.Release|Any CPU.Build.0 = Release|Any CPU
	EndGlobalSection
	GlobalSection(SolutionProperties) = preSolution
		HideSolutionNode = FALSE
	EndGlobalSection
EndGlobal
